
Microsoft Visual Studio Solution File, Format Version 12.00
# Visual Studio 14
VisualStudioVersion = 14.0.25420.1
MinimumVisualStudioVersion = 10.0.40219.1
Project("{FAE04EC0-301F-11D3-BF4B-00C04F79EFBC}") = "Pruebas 2", "Pruebas 2\Pruebas 2.csproj", "{4D385BF7-E7EF-4EB5-A90C-464B039C578F}"
EndProject
Global
	GlobalSection(SolutionConfigurationPlatforms) = preSolution
		Debug|Any CPU = Debug|Any CPU
		Release|Any CPU = Release|Any CPU
	EndGlobalSection
	GlobalSection(ProjectConfigurationPlatforms) = postSolution
		{4D385BF7-E7EF-4EB5-A90C-464B039C578F}.Debug|Any CPU.ActiveCfg = Debug|Any CPU
		{4D385BF7-E7EF-4EB5-A90C-464B039C578F}.Debug|Any CPU.Build.0 = Debug|Any CPU
		{4D385BF7-E7EF-4EB5-A90C-464B039C578F}.Release|Any CPU.ActiveCfg = Release|Any CPU
		{4D385BF7-E7EF-4EB5-A90C-464B039C578F}.Release|Any CPU.Build.0 = Release|Any CPU
	EndGlobalSection
	GlobalSection(SolutionProperties) = preSolution
		HideSolutionNode = FALSE
	EndGlobalSection
EndGlobal
